
Microsoft Visual Studio Solution File, Format Version 12.00
# Visual Studio 15
VisualStudioVersion = 15.0.28010.2050
MinimumVisualStudioVersion = 10.0.40219.1
Project("{2150E333-8FDC-42A3-9474-1A3956D46DE8}") = "src", "src", "{851D151F-0255-4436-83E5-A9D3E23594B0}"
EndProject
Project("{9A19103F-16F7-4668-BE54-9A1E7A4F7556}") = "Kendo-UI-Bootstrap-Integration", "src\Kendo-UI-Bootstrap-Integration\Kendo-UI-Bootstrap-Integration.csproj", "{2408FD51-1090-4B25-8A7A-19B95505F148}"
EndProject
Global
	GlobalSection(SolutionConfigurationPlatforms) = preSolution
		Debug|Any CPU = Debug|Any CPU
		Release|Any CPU = Release|Any CPU
	EndGlobalSection
	GlobalSection(ProjectConfigurationPlatforms) = postSolution
		{2408FD51-1090-4B25-8A7A-19B95505F148}.Debug|Any CPU.ActiveCfg = Debug|Any CPU
		{2408FD51-1090-4B25-8A7A-19B95505F148}.Debug|Any CPU.Build.0 = Debug|Any CPU
		{2408FD51-1090-4B25-8A7A-19B95505F148}.Release|Any CPU.ActiveCfg = Release|Any CPU
		{2408FD51-1090-4B25-8A7A-19B95505F148}.Release|Any CPU.Build.0 = Release|Any CPU
	EndGlobalSection
	GlobalSection(SolutionProperties) = preSolution
		HideSolutionNode = FALSE
	EndGlobalSection
	GlobalSection(NestedProjects) = preSolution
		{2408FD51-1090-4B25-8A7A-19B95505F148} = {851D151F-0255-4436-83E5-A9D3E23594B0}
	EndGlobalSection
	GlobalSection(ExtensibilityGlobals) = postSolution
		SolutionGuid = {0834AEFB-A734-44B5-8012-A3BAF45A4451}
	EndGlobalSection
EndGlobal
